github.com/middelink/go-parse-torrent-name v0.0.0-20190301154245-3ff4efacd4c4 h1:C/VViMMbR/4Ti2aXrWpKy34S05cRaVd6EvV9BFR3qJ8=
github.com/middelink/go-parse-torrent-name v0.0.0-20190301154245-3ff4efacd4c4/go.mod h1:H66QhXPJpUSdWschhL6u//v3ge96/qMnQ9mWp3efbxA=
github.com/spf13/pflag v1.0.3 h1:zPAT6CGy6wXeQ7NtTnaTerfKOsV6V6F8agHXFiazDkg=
github.com/spf13/pflag v1.0.3/go.mod h1:DYY7MBk1bdzusC3SYhjObp+wFpr4gzcvqqNjLnInEg4=
